
Microsoft Visual Studio Solution File, Format Version 12.00
# Visual Studio Version 16
VisualStudioVersion = 16.0.28922.388
MinimumVisualStudioVersion = 10.0.40219.1
Project("{FAE04EC0-301F-11D3-BF4B-00C04F79EFBC}") = "Job.CodeAssignment", "Job.CodeAssignment\Job.CodeAssignment.csproj", "{39FE69B3-A437-4E20-A2AF-CCFB56D0C4FB}"
EndProject
Project("{FAE04EC0-301F-11D3-BF4B-00C04F79EFBC}") = "Repository", "Student.Repository\Repository.csproj", "{023E8B9E-22C7-457E-AA10-9335C49B293C}"
EndProject
Project("{FAE04EC0-301F-11D3-BF4B-00C04F79EFBC}") = "Service", "Student.Service\Service.csproj", "{B6C6FF2B-A733-4763-A3F7-C847F18837FF}"
EndProject
Project("{FAE04EC0-301F-11D3-BF4B-00C04F79EFBC}") = "DataModel", "Student.DataModel\DataModel.csproj", "{DA231F97-4925-4D73-926B-8F1BFC57AE2D}"
EndProject
Global
	GlobalSection(SolutionConfigurationPlatforms) = preSolution
		Debug|Any CPU = Debug|Any CPU
		Release|Any CPU = Release|Any CPU
	EndGlobalSection
	GlobalSection(ProjectConfigurationPlatforms) = postSolution
		{39FE69B3-A437-4E20-A2AF-CCFB56D0C4FB}.Debug|Any CPU.ActiveCfg = Debug|Any CPU
		{39FE69B3-A437-4E20-A2AF-CCFB56D0C4FB}.Debug|Any CPU.Build.0 = Debug|Any CPU
		{39FE69B3-A437-4E20-A2AF-CCFB56D0C4FB}.Release|Any CPU.ActiveCfg = Release|Any CPU
		{39FE69B3-A437-4E20-A2AF-CCFB56D0C4FB}.Release|Any CPU.Build.0 = Release|Any CPU
		{023E8B9E-22C7-457E-AA10-9335C49B293C}.Debug|Any CPU.ActiveCfg = Debug|Any CPU
		{023E8B9E-22C7-457E-AA10-9335C49B293C}.Debug|Any CPU.Build.0 = Debug|Any CPU
		{023E8B9E-22C7-457E-AA10-9335C49B293C}.Release|Any CPU.ActiveCfg = Release|Any CPU
		{023E8B9E-22C7-457E-AA10-9335C49B293C}.Release|Any CPU.Build.0 = Release|Any CPU
		{B6C6FF2B-A733-4763-A3F7-C847F18837FF}.Debug|Any CPU.ActiveCfg = Debug|Any CPU
		{B6C6FF2B-A733-4763-A3F7-C847F18837FF}.Debug|Any CPU.Build.0 = Debug|Any CPU
		{B6C6FF2B-A733-4763-A3F7-C847F18837FF}.Release|Any CPU.ActiveCfg = Release|Any CPU
		{B6C6FF2B-A733-4763-A3F7-C847F18837FF}.Release|Any CPU.Build.0 = Release|Any CPU
		{DA231F97-4925-4D73-926B-8F1BFC57AE2D}.Debug|Any CPU.ActiveCfg = Debug|Any CPU
		{DA231F97-4925-4D73-926B-8F1BFC57AE2D}.Debug|Any CPU.Build.0 = Debug|Any CPU
		{DA231F97-4925-4D73-926B-8F1BFC57AE2D}.Release|Any CPU.ActiveCfg = Release|Any CPU
		{DA231F97-4925-4D73-926B-8F1BFC57AE2D}.Release|Any CPU.Build.0 = Release|Any CPU
	EndGlobalSection
	GlobalSection(SolutionProperties) = preSolution
		HideSolutionNode = FALSE
	EndGlobalSection
	GlobalSection(ExtensibilityGlobals) = postSolution
		SolutionGuid = {3DFCBB80-E052-4EFA-874E-F909DEDB788A}
	EndGlobalSection
EndGlobal
